
Microsoft Visual Studio Solution File, Format Version 12.00
# Visual Studio Version 16
VisualStudioVersion = 16.0.31729.503
MinimumVisualStudioVersion = 10.0.40219.1
Project("{FAE04EC0-301F-11D3-BF4B-00C04F79EFBC}") = "CabInvoice", "CabInvoice\CabInvoice.csproj", "{F01506D6-D05C-4420-BCDE-5468AC31B908}"
EndProject
Global
	GlobalSection(SolutionConfigurationPlatforms) = preSolution
		Debug|Any CPU = Debug|Any CPU
		Release|Any CPU = Release|Any CPU
	EndGlobalSection
	GlobalSection(ProjectConfigurationPlatforms) = postSolution
		{F01506D6-D05C-4420-BCDE-5468AC31B908}.Debug|Any CPU.ActiveCfg = Debug|Any CPU
		{F01506D6-D05C-4420-BCDE-5468AC31B908}.Debug|Any CPU.Build.0 = Debug|Any CPU
		{F01506D6-D05C-4420-BCDE-5468AC31B908}.Release|Any CPU.ActiveCfg = Release|Any CPU
		{F01506D6-D05C-4420-BCDE-5468AC31B908}.Release|Any CPU.Build.0 = Release|Any CPU
	EndGlobalSection
	GlobalSection(SolutionProperties) = preSolution
		HideSolutionNode = FALSE
	EndGlobalSection
	GlobalSection(ExtensibilityGlobals) = postSolution
		SolutionGuid = {84135C21-AC55-4987-B2F8-DB2D39E78D98}
	EndGlobalSection
EndGlobal
